
Microsoft Visual Studio Solution File, Format Version 12.00
# Visual Studio Version 17
VisualStudioVersion = 17.4.33213.308
MinimumVisualStudioVersion = 10.0.40219.1
Project("{8BC9CEB8-8B4A-11D0-8D11-00A0C91BC942}") = "[LTNC]_CONTRO", "[LTNC]_CONTRO\[LTNC]_CONTRO.vcxproj", "{ABEC3FF9-E5C4-4F7B-9A42-D40B6EA10BA3}"
EndProject
Global
	GlobalSection(SolutionConfigurationPlatforms) = preSolution
		Debug|x64 = Debug|x64
		Debug|x86 = Debug|x86
		Release|x64 = Release|x64
		Release|x86 = Release|x86
	EndGlobalSection
	GlobalSection(ProjectConfigurationPlatforms) = postSolution
		{ABEC3FF9-E5C4-4F7B-9A42-D40B6EA10BA3}.Debug|x64.ActiveCfg = Debug|x64
		{ABEC3FF9-E5C4-4F7B-9A42-D40B6EA10BA3}.Debug|x64.Build.0 = Debug|x64
		{ABEC3FF9-E5C4-4F7B-9A42-D40B6EA10BA3}.Debug|x86.ActiveCfg = Debug|Win32
		{ABEC3FF9-E5C4-4F7B-9A42-D40B6EA10BA3}.Debug|x86.Build.0 = Debug|Win32
		{ABEC3FF9-E5C4-4F7B-9A42-D40B6EA10BA3}.Release|x64.ActiveCfg = Release|x64
		{ABEC3FF9-E5C4-4F7B-9A42-D40B6EA10BA3}.Release|x64.Build.0 = Release|x64
		{ABEC3FF9-E5C4-4F7B-9A42-D40B6EA10BA3}.Release|x86.ActiveCfg = Release|Win32
		{ABEC3FF9-E5C4-4F7B-9A42-D40B6EA10BA3}.Release|x86.Build.0 = Release|Win32
	EndGlobalSection
	GlobalSection(SolutionProperties) = preSolution
		HideSolutionNode = FALSE
	EndGlobalSection
	GlobalSection(ExtensibilityGlobals) = postSolution
		SolutionGuid = {D3643CD4-8882-4C57-A6ED-B00DFCE27036}
	EndGlobalSection
EndGlobal
